
Microsoft Visual Studio Solution File, Format Version 12.00
# Visual Studio Version 17
VisualStudioVersion = 17.0.31912.275
MinimumVisualStudioVersion = 10.0.40219.1
Project("{9A19103F-16F7-4668-BE54-9A1E7A4F7556}") = "MSBuild.SDK.SystemWeb", "src\MSBuild.SDK.SystemWeb\MSBuild.SDK.SystemWeb.csproj", "{D9DD78A9-4E97-4339-B809-6A2CC28B071A}"
EndProject
Project("{2150E333-8FDC-42A3-9474-1A3956D46DE8}") = "samples", "samples", "{4A37969E-D8DB-4AAA-A382-D6E733B6185B}"
	ProjectSection(SolutionItems) = preProject
		samples\Nuget.config = samples\Nuget.config
	EndProjectSection
EndProject
Project("{2150E333-8FDC-42A3-9474-1A3956D46DE8}") = "build", "build", "{A4372060-C59E-4102-B357-F678F45BC0E3}"
	ProjectSection(SolutionItems) = preProject
		.editorconfig = .editorconfig
		.gitignore = .gitignore
		azure-pipelines.yml = azure-pipelines.yml
		cloud3d-codesign.snk = cloud3d-codesign.snk
		Directory.Build.Props = Directory.Build.Props
		Directory.Build.Targets = Directory.Build.Targets
		global.json = global.json
		build\ImportCert.ps1 = build\ImportCert.ps1
		LICENSE.txt = LICENSE.txt
		nuget.publish.config = nuget.publish.config
		README.md = README.md
		build\RemoveCert.ps1 = build\RemoveCert.ps1
		Test.snk = Test.snk
		version.json = version.json
	EndProjectSection
	ProjectSection(FolderGlobals) = preProject
		C_5_4Users_4Cynth_4source_4repos_4MSBuild_1SDK_1SystemWeb_4global_1json__JsonSchema = 
	EndProjectSection
EndProject
Project("{9A19103F-16F7-4668-BE54-9A1E7A4F7556}") = "ExampleEmptyWebApplication", "samples\ExampleEmptyWebApplication\ExampleEmptyWebApplication.csproj", "{BA8C0E69-87E1-46F8-A871-F1CDD8760A75}"
EndProject
Project("{778DAE3C-4631-46EA-AA77-85C1314464D9}") = "ExampleFullWebApplication", "samples\ExampleFullWebApplication\ExampleFullWebApplication.vbproj", "{53B1BADD-D5EF-4209-82EA-CB37525D07AF}"
EndProject
Project("{9A19103F-16F7-4668-BE54-9A1E7A4F7556}") = "MSBuild.SDK.SystemWeb.Templates", "src\MSBuild.SDK.SystemWeb.Templates\MSBuild.SDK.SystemWeb.Templates.csproj", "{750A2B35-A9BB-488B-972C-31FEAB17CF3A}"
EndProject
Project("{9A19103F-16F7-4668-BE54-9A1E7A4F7556}") = "docs", "docs\docs.csproj", "{9E629342-F10C-4EA4-A578-016DD5713C1F}"
EndProject
Project("{2150E333-8FDC-42A3-9474-1A3956D46DE8}") = "WCF", "WCF", "{DD85524D-6840-45D5-A450-1AAA8B1F2993}"
EndProject
Project("{9A19103F-16F7-4668-BE54-9A1E7A4F7556}") = "WCF.Service.ClassLibrary", "samples\WCF\WCF.Service.ClassLibrary\WCF.Service.ClassLibrary.csproj", "{0272B7E9-0AA9-49C4-89EC-5223AFFFE3B8}"
EndProject
Project("{9A19103F-16F7-4668-BE54-9A1E7A4F7556}") = "ExampleWCFWebApplication", "samples\WCF\WCF.Service.WebApplication\ExampleWCFWebApplication.csproj", "{8EEC969D-F112-437D-8967-1FBB0C4624BE}"
EndProject
Project("{2150E333-8FDC-42A3-9474-1A3956D46DE8}") = "src", "src", "{B91408ED-7A59-4890-8CB2-5A011DD62B1C}"
EndProject
Project("{9A19103F-16F7-4668-BE54-9A1E7A4F7556}") = "MSBuild.SDK.SystemWeb.RazorLibrary", "src\MSBuild.SDK.SystemWeb.RazorLibrary\MSBuild.SDK.SystemWeb.RazorLibrary.csproj", "{0C109944-853C-4B2A-A85C-C7488E88592A}"
EndProject
Project("{2150E333-8FDC-42A3-9474-1A3956D46DE8}") = "Razor", "Razor", "{26AD80FE-B7CD-457A-B03A-90A5B395759E}"
EndProject
Project("{9A19103F-16F7-4668-BE54-9A1E7A4F7556}") = "ExampleRazorLibraryApplication", "samples\RazorLibrary\ExampleRazorLibraryApplication\ExampleRazorLibraryApplication.csproj", "{3BC6F60B-0AC5-4300-9DFD-4B65D97FFD12}"
EndProject
Project("{9A19103F-16F7-4668-BE54-9A1E7A4F7556}") = "ExampleRazorLibrary", "samples\RazorLibrary\ExampleRazorLibrary\ExampleRazorLibrary.csproj", "{A699C2E4-43C7-409D-BC2B-1197E61FD9BC}"
EndProject
Project("{778DAE3C-4631-46EA-AA77-85C1314464D9}") = "ExampleRazorLibraryVB", "samples\RazorLibrary\ExampleRazorLibraryVB\ExampleRazorLibraryVB.vbproj", "{AD80B3C1-916E-4E46-BF07-6AEE8606AB00}"
EndProject
Project("{FAE04EC0-301F-11D3-BF4B-00C04F79EFBC}") = "MSBuild.SDK.SystemWeb.UnitTests", "src\MSBuild.SDK.SystemWeb.UnitTests\MSBuild.SDK.SystemWeb.UnitTests.csproj", "{7EF08C1D-DA34-4914-9D8D-BCDF0E4F5723}"
EndProject
Project("{D954291E-2A0B-460D-934E-DC6B0785DB48}") = "TestingShared", "src\TestingShared\TestingShared.shproj", "{A68AB20E-383F-4D41-BDB3-94411C643BF8}"
EndProject
Global
	GlobalSection(SharedMSBuildProjectFiles) = preSolution
		src\TestingShared\TestingShared.projitems*{7ef08c1d-da34-4914-9d8d-bcdf0e4f5723}*SharedItemsImports = 5
		src\TestingShared\TestingShared.projitems*{a68ab20e-383f-4d41-bdb3-94411c643bf8}*SharedItemsImports = 13
	EndGlobalSection
	GlobalSection(SolutionConfigurationPlatforms) = preSolution
		Debug|Any CPU = Debug|Any CPU
		Release|Any CPU = Release|Any CPU
	EndGlobalSection
	GlobalSection(ProjectConfigurationPlatforms) = postSolution
		{D9DD78A9-4E97-4339-B809-6A2CC28B071A}.Debug|Any CPU.ActiveCfg = Debug|Any CPU
		{D9DD78A9-4E97-4339-B809-6A2CC28B071A}.Debug|Any CPU.Build.0 = Debug|Any CPU
		{D9DD78A9-4E97-4339-B809-6A2CC28B071A}.Release|Any CPU.ActiveCfg = Release|Any CPU
		{D9DD78A9-4E97-4339-B809-6A2CC28B071A}.Release|Any CPU.Build.0 = Release|Any CPU
		{BA8C0E69-87E1-46F8-A871-F1CDD8760A75}.Debug|Any CPU.ActiveCfg = Debug|Any CPU
		{BA8C0E69-87E1-46F8-A871-F1CDD8760A75}.Debug|Any CPU.Build.0 = Debug|Any CPU
		{BA8C0E69-87E1-46F8-A871-F1CDD8760A75}.Release|Any CPU.ActiveCfg = Release|Any CPU
		{53B1BADD-D5EF-4209-82EA-CB37525D07AF}.Debug|Any CPU.ActiveCfg = Debug|Any CPU
		{53B1BADD-D5EF-4209-82EA-CB37525D07AF}.Debug|Any CPU.Build.0 = Debug|Any CPU
		{53B1BADD-D5EF-4209-82EA-CB37525D07AF}.Release|Any CPU.ActiveCfg = Release|Any CPU
		{750A2B35-A9BB-488B-972C-31FEAB17CF3A}.Debug|Any CPU.ActiveCfg = Debug|Any CPU
		{750A2B35-A9BB-488B-972C-31FEAB17CF3A}.Debug|Any CPU.Build.0 = Debug|Any CPU
		{750A2B35-A9BB-488B-972C-31FEAB17CF3A}.Release|Any CPU.ActiveCfg = Release|Any CPU
		{750A2B35-A9BB-488B-972C-31FEAB17CF3A}.Release|Any CPU.Build.0 = Release|Any CPU
		{9E629342-F10C-4EA4-A578-016DD5713C1F}.Debug|Any CPU.ActiveCfg = Debug|Any CPU
		{9E629342-F10C-4EA4-A578-016DD5713C1F}.Release|Any CPU.ActiveCfg = Release|Any CPU
		{0272B7E9-0AA9-49C4-89EC-5223AFFFE3B8}.Debug|Any CPU.ActiveCfg = Debug|Any CPU
		{0272B7E9-0AA9-49C4-89EC-5223AFFFE3B8}.Debug|Any CPU.Build.0 = Debug|Any CPU
		{0272B7E9-0AA9-49C4-89EC-5223AFFFE3B8}.Release|Any CPU.ActiveCfg = Release|Any CPU
		{8EEC969D-F112-437D-8967-1FBB0C4624BE}.Debug|Any CPU.ActiveCfg = Debug|Any CPU
		{8EEC969D-F112-437D-8967-1FBB0C4624BE}.Debug|Any CPU.Build.0 = Debug|Any CPU
		{8EEC969D-F112-437D-8967-1FBB0C4624BE}.Release|Any CPU.ActiveCfg = Release|Any CPU
		{0C109944-853C-4B2A-A85C-C7488E88592A}.Debug|Any CPU.ActiveCfg = Debug|Any CPU
		{0C109944-853C-4B2A-A85C-C7488E88592A}.Debug|Any CPU.Build.0 = Debug|Any CPU
		{0C109944-853C-4B2A-A85C-C7488E88592A}.Release|Any CPU.ActiveCfg = Release|Any CPU
		{0C109944-853C-4B2A-A85C-C7488E88592A}.Release|Any CPU.Build.0 = Release|Any CPU
		{3BC6F60B-0AC5-4300-9DFD-4B65D97FFD12}.Debug|Any CPU.ActiveCfg = Debug|Any CPU
		{3BC6F60B-0AC5-4300-9DFD-4B65D97FFD12}.Debug|Any CPU.Build.0 = Debug|Any CPU
		{3BC6F60B-0AC5-4300-9DFD-4B65D97FFD12}.Release|Any CPU.ActiveCfg = Release|Any CPU
		{A699C2E4-43C7-409D-BC2B-1197E61FD9BC}.Debug|Any CPU.ActiveCfg = Debug|Any CPU
		{A699C2E4-43C7-409D-BC2B-1197E61FD9BC}.Debug|Any CPU.Build.0 = Debug|Any CPU
		{A699C2E4-43C7-409D-BC2B-1197E61FD9BC}.Release|Any CPU.ActiveCfg = Release|Any CPU
		{AD80B3C1-916E-4E46-BF07-6AEE8606AB00}.Debug|Any CPU.ActiveCfg = Debug|Any CPU
		{AD80B3C1-916E-4E46-BF07-6AEE8606AB00}.Debug|Any CPU.Build.0 = Debug|Any CPU
		{AD80B3C1-916E-4E46-BF07-6AEE8606AB00}.Release|Any CPU.ActiveCfg = Release|Any CPU
		{7EF08C1D-DA34-4914-9D8D-BCDF0E4F5723}.Debug|Any CPU.ActiveCfg = Debug|Any CPU
		{7EF08C1D-DA34-4914-9D8D-BCDF0E4F5723}.Debug|Any CPU.Build.0 = Debug|Any CPU
		{7EF08C1D-DA34-4914-9D8D-BCDF0E4F5723}.Release|Any CPU.ActiveCfg = Release|Any CPU
		{7EF08C1D-DA34-4914-9D8D-BCDF0E4F5723}.Release|Any CPU.Build.0 = Release|Any CPU
	EndGlobalSection
	GlobalSection(SolutionProperties) = preSolution
		HideSolutionNode = FALSE
	EndGlobalSection
	GlobalSection(NestedProjects) = preSolution
		{D9DD78A9-4E97-4339-B809-6A2CC28B071A} = {B91408ED-7A59-4890-8CB2-5A011DD62B1C}
		{BA8C0E69-87E1-46F8-A871-F1CDD8760A75} = {4A37969E-D8DB-4AAA-A382-D6E733B6185B}
		{53B1BADD-D5EF-4209-82EA-CB37525D07AF} = {4A37969E-D8DB-4AAA-A382-D6E733B6185B}
		{750A2B35-A9BB-488B-972C-31FEAB17CF3A} = {B91408ED-7A59-4890-8CB2-5A011DD62B1C}
		{DD85524D-6840-45D5-A450-1AAA8B1F2993} = {4A37969E-D8DB-4AAA-A382-D6E733B6185B}
		{0272B7E9-0AA9-49C4-89EC-5223AFFFE3B8} = {DD85524D-6840-45D5-A450-1AAA8B1F2993}
		{8EEC969D-F112-437D-8967-1FBB0C4624BE} = {DD85524D-6840-45D5-A450-1AAA8B1F2993}
		{0C109944-853C-4B2A-A85C-C7488E88592A} = {B91408ED-7A59-4890-8CB2-5A011DD62B1C}
		{26AD80FE-B7CD-457A-B03A-90A5B395759E} = {4A37969E-D8DB-4AAA-A382-D6E733B6185B}
		{3BC6F60B-0AC5-4300-9DFD-4B65D97FFD12} = {26AD80FE-B7CD-457A-B03A-90A5B395759E}
		{A699C2E4-43C7-409D-BC2B-1197E61FD9BC} = {26AD80FE-B7CD-457A-B03A-90A5B395759E}
		{AD80B3C1-916E-4E46-BF07-6AEE8606AB00} = {26AD80FE-B7CD-457A-B03A-90A5B395759E}
		{7EF08C1D-DA34-4914-9D8D-BCDF0E4F5723} = {B91408ED-7A59-4890-8CB2-5A011DD62B1C}
		{A68AB20E-383F-4D41-BDB3-94411C643BF8} = {B91408ED-7A59-4890-8CB2-5A011DD62B1C}
	EndGlobalSection
	GlobalSection(ExtensibilityGlobals) = postSolution
		SolutionGuid = {E5FBE1CF-A73C-4BFD-BBA5-95488B7930D9}
	EndGlobalSection
EndGlobal
